
Microsoft Visual Studio Solution File, Format Version 12.00
# Visual Studio Version 17
VisualStudioVersion = 17.10.35122.118
MinimumVisualStudioVersion = 10.0.40219.1
Project("{FAE04EC0-301F-11D3-BF4B-00C04F79EFBC}") = "videosave", "videosave\videosave.csproj", "{36BF2248-9B28-4B3F-88BC-2E4AA9CA2712}"
EndProject
Global
	GlobalSection(SolutionConfigurationPlatforms) = preSolution
		Debug|Any CPU = Debug|Any CPU
		Release|Any CPU = Release|Any CPU
	EndGlobalSection
	GlobalSection(ProjectConfigurationPlatforms) = postSolution
		{36BF2248-9B28-4B3F-88BC-2E4AA9CA2712}.Debug|Any CPU.ActiveCfg = Debug|Any CPU
		{36BF2248-9B28-4B3F-88BC-2E4AA9CA2712}.Debug|Any CPU.Build.0 = Debug|Any CPU
		{36BF2248-9B28-4B3F-88BC-2E4AA9CA2712}.Release|Any CPU.ActiveCfg = Release|Any CPU
		{36BF2248-9B28-4B3F-88BC-2E4AA9CA2712}.Release|Any CPU.Build.0 = Release|Any CPU
	EndGlobalSection
	GlobalSection(SolutionProperties) = preSolution
		HideSolutionNode = FALSE
	EndGlobalSection
	GlobalSection(ExtensibilityGlobals) = postSolution
		SolutionGuid = {7D19F2F2-58AB-46D5-9C1D-2B36855C8858}
	EndGlobalSection
EndGlobal
